// !$*UTF8*$!
{
	archiveVersion = 1;
	classes = {
	};
	objectVersion = 48;
	objects = {

/* Begin PBXBuildFile section */
		17454508206375F700FB4585 /* AppDelegate.m in Sources */ = {isa = PBXBuildFile; fileRef = 17454507206375F700FB4585 /* AppDelegate.m */; };
		1745450B206375F700FB4585 /* ViewController.m in Sources */ = {isa = PBXBuildFile; fileRef = 1745450A206375F700FB4585 /* ViewController.m */; };
		1745450E206375F700FB4585 /* Main.storyboard in Resources */ = {isa = PBXBuildFile; fileRef = 1745450C206375F700FB4585 /* Main.storyboard */; };
		17454510206375F700FB4585 /* Assets.xcassets in Resources */ = {isa = PBXBuildFile; fileRef = 1745450F206375F700FB4585 /* Assets.xcassets */; };
		17454513206375F700FB4585 /* LaunchScreen.storyboard in Resources */ = {isa = PBXBuildFile; fileRef = 17454511206375F700FB4585 /* LaunchScreen.storyboard */; };
		17454516206375F700FB4585 /* main.m in Sources */ = {isa = PBXBuildFile; fileRef = 17454515206375F700FB4585 /* main.m */; };
		17454520206375F700FB4585 /* SettingTests.m in Sources */ = {isa = PBXBuildFile; fileRef = 1745451F206375F700FB4585 /* SettingTests.m */; };
		1745452B206375F700FB4585 /* SettingUITests.m in Sources */ = {isa = PBXBuildFile; fileRef = 1745452A206375F700FB4585 /* SettingUITests.m */; };
/* End PBXBuildFile section */

/* Begin PBXContainerItemProxy section */
		1745451C206375F700FB4585 /* PBXContainerItemProxy */ = {
			isa = PBXContainerItemProxy;
			containerPortal = 174544FB206375F700FB4585 /* Project object */;
			proxyType = 1;
			remoteGlobalIDString = 17454502206375F700FB4585;
			remoteInfo = Setting;
		};
		17454527206375F700FB4585 /* PBXContainerItemProxy */ = {
			isa = PBXContainerItemProxy;
			containerPortal = 174544FB206375F700FB4585 /* Project object */;
			proxyType = 1;
			remoteGlobalIDString = 17454502206375F700FB4585;
			remoteInfo = Setting;
		};
/* End PBXContainerItemProxy section */

/* Begin PBXFileReference section */
		17454503206375F700FB4585 /* Setting.app */ = {isa = PBXFileReference; explicitFileType = wrapper.application; includeInIndex = 0; path = Setting.app; sourceTree = BUILT_PRODUCTS_DIR; };
		17454506206375F700FB4585 /* AppDelegate.h */ = {isa = PBXFileReference; lastKnownFileType = sourcecode.c.h; path = AppDelegate.h; sourceTree = "<group>"; };
		17454507206375F700FB4585 /* AppDelegate.m */ = {isa = PBXFileReference; lastKnownFileType = sourcecode.c.objc; path = AppDelegate.m; sourceTree = "<group>"; };
		17454509206375F700FB4585 /* ViewController.h */ = {isa = PBXFileReference; lastKnownFileType = sourcecode.c.h; path = ViewController.h; sourceTree = "<group>"; };
		1745450A206375F700FB4585 /* ViewController.m */ = {isa = PBXFileReference; lastKnownFileType = sourcecode.c.objc; path = ViewController.m; sourceTree = "<group>"; };
		1745450D206375F700FB4585 /* Base */ = {isa = PBXFileReference; lastKnownFileType = file.storyboard; name = Base; path = Base.lproj/Main.storyboard; sourceTree = "<group>"; };
		1745450F206375F700FB4585 /* Assets.xcassets */ = {isa = PBXFileReference; lastKnownFileType = folder.assetcatalog; path = Assets.xcassets; sourceTree = "<group>"; };
		17454512206375F700FB4585 /* Base */ = {isa = PBXFileReference; lastKnownFileType = file.storyboard; name = Base; path = Base.lproj/LaunchScreen.storyboard; sourceTree = "<group>"; };
		17454514206375F700FB4585 /* Info.plist */ = {isa = PBXFileReference; lastKnownFileType = text.plist.xml; path = Info.plist; sourceTree = "<group>"; };
		17454515206375F700FB4585 /* main.m */ = {isa = PBXFileReference; lastKnownFileType = sourcecode.c.objc; path = main.m; sourceTree = "<group>"; };
		1745451B206375F700FB4585 /* SettingTests.xctest */ = {isa = PBXFileReference; explicitFileType = wrapper.cfbundle; includeInIndex = 0; path = SettingTests.xctest; sourceTree = BUILT_PRODUCTS_DIR; };
		1745451F206375F700FB4585 /* SettingTests.m */ = {isa = PBXFileReference; lastKnownFileType = sourcecode.c.objc; path = SettingTests.m; sourceTree = "<group>"; };
		17454521206375F700FB4585 /* Info.plist */ = {isa = PBXFileReference; lastKnownFileType = text.plist.xml; path = Info.plist; sourceTree = "<group>"; };
		17454526206375F700FB4585 /* SettingUITests.xctest */ = {isa = PBXFileReference; explicitFileType = wrapper.cfbundle; includeInIndex = 0; path = SettingUITests.xctest; sourceTree = BUILT_PRODUCTS_DIR; };
		1745452A206375F700FB4585 /* SettingUITests.m */ = {isa = PBXFileReference; lastKnownFileType = sourcecode.c.objc; path = SettingUITests.m; sourceTree = "<group>"; };
		1745452C206375F700FB4585 /* Info.plist */ = {isa = PBXFileReference; lastKnownFileType = text.plist.xml; path = Info.plist; sourceTree = "<group>"; };
		174545392063764D00FB4585 /* Settings.bundle */ = {isa = PBXFileReference; lastKnownFileType = "wrapper.plug-in"; path = Settings.bundle; sourceTree = "<group>"; };
/* End PBXFileReference section */

/* Begin PBXFrameworksBuildPhase section */
		17454500206375F700FB4585 /* Frameworks */ = {
			isa = PBXFrameworksBuildPhase;
			buildActionMask = 2147483647;
			files = (
			);
			runOnlyForDeploymentPostprocessing = 0;
		};
		17454518206375F700FB4585 /* Frameworks */ = {
			isa = PBXFrameworksBuildPhase;
			buildActionMask = 2147483647;
			files = (
			);
			runOnlyForDeploymentPostprocessing = 0;
		};
		17454523206375F700FB4585 /* Frameworks */ = {
			isa = PBXFrameworksBuildPhase;
			buildActionMask = 2147483647;
			files = (
			);
			runOnlyForDeploymentPostprocessing = 0;
		};
/* End PBXFrameworksBuildPhase section */

/* Begin PBXGroup section */
		174544FA206375F700FB4585 = {
			isa = PBXGroup;
			children = (
				17454505206375F700FB4585 /* Setting */,
				1745451E206375F700FB4585 /* SettingTests */,
				17454529206375F700FB4585 /* SettingUITests */,
				17454504206375F700FB4585 /* Products */,
			);
			sourceTree = "<group>";
		};
		17454504206375F700FB4585 /* Products */ = {
			isa = PBXGroup;
			children = (
				17454503206375F700FB4585 /* Setting.app */,
				1745451B206375F700FB4585 /* SettingTests.xctest */,
				17454526206375F700FB4585 /* SettingUITests.xctest */,
			);
			name = Products;
			sourceTree = "<group>";
		};
		17454505206375F700FB4585 /* Setting */ = {
			isa = PBXGroup;
			children = (
				17454506206375F700FB4585 /* AppDelegate.h */,
				17454507206375F700FB4585 /* AppDelegate.m */,
				17454509206375F700FB4585 /* ViewController.h */,
				1745450A206375F700FB4585 /* ViewController.m */,
				1745450C206375F700FB4585 /* Main.storyboard */,
				1745450F206375F700FB4585 /* Assets.xcassets */,
				17454511206375F700FB4585 /* LaunchScreen.storyboard */,
				17454514206375F700FB4585 /* Info.plist */,
				17454515206375F700FB4585 /* main.m */,
				174545392063764D00FB4585 /* Settings.bundle */,
			);
			path = Setting;
			sourceTree = "<group>";
		};
		1745451E206375F700FB4585 /* SettingTests */ = {
			isa = PBXGroup;
			children = (
				1745451F206375F700FB4585 /* SettingTests.m */,
				17454521206375F700FB4585 /* Info.plist */,
			);
			path = SettingTests;
			sourceTree = "<group>";
		};
		17454529206375F700FB4585 /* SettingUITests */ = {
			isa = PBXGroup;
			children = (
				1745452A206375F700FB4585 /* SettingUITests.m */,
				1745452C206375F700FB4585 /* Info.plist */,
			);
			path = SettingUITests;
			sourceTree = "<group>";
		};
/* End PBXGroup section */

/* Begin PBXNativeTarget section */
		17454502206375F700FB4585 /* Setting */ = {
			isa = PBXNativeTarget;
			buildConfigurationList = 1745452F206375F700FB4585 /* Build configuration list for PBXNativeTarget "Setting" */;
			buildPhases = (
				174544FF206375F700FB4585 /* Sources */,
				17454500206375F700FB4585 /* Frameworks */,
				17454501206375F700FB4585 /* Resources */,
				174545382063760500FB4585 /* ShellScript */,
			);
			buildRules = (
			);
			dependencies = (
			);
			name = Setting;
			productName = Setting;
			productReference = 17454503206375F700FB4585 /* Setting.app */;
			productType = "com.apple.product-type.application";
		};
		1745451A206375F700FB4585 /* SettingTests */ = {
			isa = PBXNativeTarget;
			buildConfigurationList = 17454532206375F700FB4585 /* Build configuration list for PBXNativeTarget "SettingTests" */;
			buildPhases = (
				17454517206375F700FB4585 /* Sources */,
				17454518206375F700FB4585 /* Frameworks */,
				17454519206375F700FB4585 /* Resources */,
			);
			buildRules = (
			);
			dependencies = (
				1745451D206375F700FB4585 /* PBXTargetDependency */,
			);
			name = SettingTests;
			productName = SettingTests;
			productReference = 1745451B206375F700FB4585 /* SettingTests.xctest */;
			productType = "com.apple.product-type.bundle.unit-test";
		};
		17454525206375F700FB4585 /* SettingUITests */ = {
			isa = PBXNativeTarget;
			buildConfigurationList = 17454535206375F700FB4585 /* Build configuration list for PBXNativeTarget "SettingUITests" */;
			buildPhases = (
				17454522206375F700FB4585 /* Sources */,
				17454523206375F700FB4585 /* Frameworks */,
				17454524206375F700FB4585 /* Resources */,
			);
			buildRules = (
			);
			dependencies = (
				17454528206375F700FB4585 /* PBXTargetDependency */,
			);
			name = SettingUITests;
			productName = SettingUITests;
			productReference = 17454526206375F700FB4585 /* SettingUITests.xctest */;
			productType = "com.apple.product-type.bundle.ui-testing";
		};
/* End PBXNativeTarget section */

/* Begin PBXProject section */
		174544FB206375F700FB4585 /* Project object */ = {
			isa = PBXProject;
			attributes = {
				LastUpgradeCheck = 0910;
				ORGANIZATIONNAME = lhs7248;
				TargetAttributes = {
					17454502206375F700FB4585 = {
						CreatedOnToolsVersion = 9.1;
						ProvisioningStyle = Automatic;
					};
					1745451A206375F700FB4585 = {
						CreatedOnToolsVersion = 9.1;
						ProvisioningStyle = Automatic;
						TestTargetID = 17454502206375F700FB4585;
					};
					17454525206375F700FB4585 = {
						CreatedOnToolsVersion = 9.1;
						ProvisioningStyle = Automatic;
						TestTargetID = 17454502206375F700FB4585;
					};
				};
			};
			buildConfigurationList = 174544FE206375F700FB4585 /* Build configuration list for PBXProject "Setting" */;
			compatibilityVersion = "Xcode 8.0";
			developmentRegion = en;
			hasScannedForEncodings = 0;
			knownRegions = (
				en,
				Base,
			);
			mainGroup = 174544FA206375F700FB4585;
			productRefGroup = 17454504206375F700FB4585 /* Products */;
			projectDirPath = "";
			projectRoot = "";
			targets = (
				17454502206375F700FB4585 /* Setting */,
				1745451A206375F700FB4585 /* SettingTests */,
				17454525206375F700FB4585 /* SettingUITests */,
			);
		};
/* End PBXProject section */

/* Begin PBXResourcesBuildPhase section */
		17454501206375F700FB4585 /* Resources */ = {
			isa = PBXResourcesBuildPhase;
			buildActionMask = 2147483647;
			files = (
				17454513206375F700FB4585 /* LaunchScreen.storyboard in Resources */,
				17454510206375F700FB4585 /* Assets.xcassets in Resources */,
				1745450E206375F700FB4585 /* Main.storyboard in Resources */,
			);
			runOnlyForDeploymentPostprocessing = 0;
		};
		17454519206375F700FB4585 /* Resources */ = {
			isa = PBXResourcesBuildPhase;
			buildActionMask = 2147483647;
			files = (
			);
			runOnlyForDeploymentPostprocessing = 0;
		};
		17454524206375F700FB4585 /* Resources */ = {
			isa = PBXResourcesBuildPhase;
			buildActionMask = 2147483647;
			files = (
			);
			runOnlyForDeploymentPostprocessing = 0;
		};
/* End PBXResourcesBuildPhase section */

/* Begin PBXShellScriptBuildPhase section */
		174545382063760500FB4585 /* ShellScript */ = {
			isa = PBXShellScriptBuildPhase;
			buildActionMask = 2147483647;
			files = (
			);
			inputPaths = (
			);
			outputPaths = (
			);
			runOnlyForDeploymentPostprocessing = 0;
			shellPath = /bin/sh;
			shellScript = "if [ \"Release\" != \"${CONFIGURATION}\" ]\nthen\nrsync -avr --copy-links --no-relative --exclude '*/.svn/*' \"${SRCROOT}/Setting/Settings.bundle\"  \"${TARGET_BUILD_DIR}/${UNLOCALIZED_RESOURCES_FOLDER_PATH}\"\nfi";
		};
/* End PBXShellScriptBuildPhase section */

/* Begin PBXSourcesBuildPhase section */
		174544FF206375F700FB4585 /* Sources */ = {
			isa = PBXSourcesBuildPhase;
			buildActionMask = 2147483647;
			files = (
				1745450B206375F700FB4585 /* ViewController.m in Sources */,
				17454516206375F700FB4585 /* main.m in Sources */,
				17454508206375F700FB4585 /* AppDelegate.m in Sources */,
			);
			runOnlyForDeploymentPostprocessing = 0;
		};
		17454517206375F700FB4585 /* Sources */ = {
			isa = PBXSourcesBuildPhase;
			buildActionMask = 2147483647;
			files = (
				17454520206375F700FB4585 /* SettingTests.m in Sources */,
			);
			runOnlyForDeploymentPostprocessing = 0;
		};
		17454522206375F700FB4585 /* Sources */ = {
			isa = PBXSourcesBuildPhase;
			buildActionMask = 2147483647;
			files = (
				1745452B206375F700FB4585 /* SettingUITests.m in Sources */,
			);
			runOnlyForDeploymentPostprocessing = 0;
		};
/* End PBXSourcesBuildPhase section */

/* Begin PBXTargetDependency section */
		1745451D206375F700FB4585 /* PBXTargetDependency */ = {
			isa = PBXTargetDependency;
			target = 17454502206375F700FB4585 /* Setting */;
			targetProxy = 1745451C206375F700FB4585 /* PBXContainerItemProxy */;
		};
		17454528206375F700FB4585 /* PBXTargetDependency */ = {
			isa = PBXTargetDependency;
			target = 17454502206375F700FB4585 /* Setting */;
			targetProxy = 17454527206375F700FB4585 /* PBXContainerItemProxy */;
		};
/* End PBXTargetDependency section */

/* Begin PBXVariantGroup section */
		1745450C206375F700FB4585 /* Main.storyboard */ = {
			isa = PBXVariantGroup;
			children = (
				1745450D206375F700FB4585 /* Base */,
			);
			name = Main.storyboard;
			sourceTree = "<group>";
		};
		17454511206375F700FB4585 /* LaunchScreen.storyboard */ = {
			isa = PBXVariantGroup;
			children = (
				17454512206375F700FB4585 /* Base */,
			);
			name = LaunchScreen.storyboard;
			sourceTree = "<group>";
		};
/* End PBXVariantGroup section */

/* Begin XCBuildConfiguration section */
		1745452D206375F700FB4585 /* Debug */ = {
			isa = XCBuildConfiguration;
			buildSettings = {
				ALWAYS_SEARCH_USER_PATHS = NO;
				CLANG_ANALYZER_NONNULL = YES;
				CLANG_ANALYZER_NUMBER_OBJECT_CONVERSION = YES_AGGRESSIVE;
				CLANG_CXX_LANGUAGE_STANDARD = "gnu++14";
				CLANG_CXX_LIBRARY = "libc++";
				CLANG_ENABLE_MODULES = YES;
				CLANG_ENABLE_OBJC_ARC = YES;
				CLANG_WARN_BLOCK_CAPTURE_AUTORELEASING = YES;
				CLANG_WARN_BOOL_CONVERSION = YES;
				CLANG_WARN_COMMA = YES;
				CLANG_WARN_CONSTANT_CONVERSION = YES;
				CLANG_WARN_DIRECT_OBJC_ISA_USAGE = YES_ERROR;
				CLANG_WARN_DOCUMENTATION_COMMENTS = YES;
				CLANG_WARN_EMPTY_BODY = YES;
				CLANG_WARN_ENUM_CONVERSION = YES;
				CLANG_WARN_INFINITE_RECURSION = YES;
				CLANG_WARN_INT_CONVERSION = YES;
				CLANG_WARN_NON_LITERAL_NULL_CONVERSION = YES;
				CLANG_WARN_OBJC_LITERAL_CONVERSION = YES;
				CLANG_WARN_OBJC_ROOT_CLASS = YES_ERROR;
				CLANG_WARN_RANGE_LOOP_ANALYSIS = YES;
				CLANG_WARN_STRICT_PROTOTYPES = YES;
				CLANG_WARN_SUSPICIOUS_MOVE = YES;
				CLANG_WARN_UNGUARDED_AVAILABILITY = YES_AGGRESSIVE;
				CLANG_WARN_UNREACHABLE_CODE = YES;
				CLANG_WARN__DUPLICATE_METHOD_MATCH = YES;
				CODE_SIGN_IDENTITY = "iPhone Developer";
				COPY_PHASE_STRIP = NO;
				DEBUG_INFORMATION_FORMAT = dwarf;
				ENABLE_STRICT_OBJC_MSGSEND = YES;
				ENABLE_TESTABILITY = YES;
				GCC_C_LANGUAGE_STANDARD = gnu11;
				GCC_DYNAMIC_NO_PIC = NO;
				GCC_NO_COMMON_BLOCKS = YES;
				GCC_OPTIMIZATION_LEVEL = 0;
				GCC_PREPROCESSOR_DEFINITIONS = (
					"DEBUG=1",
					"$(inherited)",
				);
				GCC_WARN_64_TO_32_BIT_CONVERSION = YES;
				GCC_WARN_ABOUT_RETURN_TYPE = YES_ERROR;
				GCC_WARN_UNDECLARED_SELECTOR = YES;
				GCC_WARN_UNINITIALIZED_AUTOS = YES_AGGRESSIVE;
				GCC_WARN_UNUSED_FUNCTION = YES;
				GCC_WARN_UNUSED_VARIABLE = YES;
				IPHONEOS_DEPLOYMENT_TARGET = 11.1;
				MTL_ENABLE_DEBUG_INFO = YES;
				ONLY_ACTIVE_ARCH = YES;
				SDKROOT = iphoneos;
			};
			name = Debug;
		};
		1745452E206375F700FB4585 /* Release */ = {
			isa = XCBuildConfiguration;
			buildSettings = {
				ALWAYS_SEARCH_USER_PATHS = NO;
				CLANG_ANALYZER_NONNULL = YES;
				CLANG_ANALYZER_NUMBER_OBJECT_CONVERSION = YES_AGGRESSIVE;
				CLANG_CXX_LANGUAGE_STANDARD = "gnu++14";
				CLANG_CXX_LIBRARY = "libc++";
				CLANG_ENABLE_MODULES = YES;
				CLANG_ENABLE_OBJC_ARC = YES;
				CLANG_WARN_BLOCK_CAPTURE_AUTORELEASING = YES;
				CLANG_WARN_BOOL_CONVERSION = YES;
				CLANG_WARN_COMMA = YES;
				CLANG_WARN_CONSTANT_CONVERSION = YES;
				CLANG_WARN_DIRECT_OBJC_ISA_USAGE = YES_ERROR;
				CLANG_WARN_DOCUMENTATION_COMMENTS = YES;
				CLANG_WARN_EMPTY_BODY = YES;
				CLANG_WARN_ENUM_CONVERSION = YES;
				CLANG_WARN_INFINITE_RECURSION = YES;
				CLANG_WARN_INT_CONVERSION = YES;
				CLANG_WARN_NON_LITERAL_NULL_CONVERSION = YES;
				CLANG_WARN_OBJC_LITERAL_CONVERSION = YES;
				CLANG_WARN_OBJC_ROOT_CLASS = YES_ERROR;
				CLANG_WARN_RANGE_LOOP_ANALYSIS = YES;
				CLANG_WARN_STRICT_PROTOTYPES = YES;
				CLANG_WARN_SUSPICIOUS_MOVE = YES;
				CLANG_WARN_UNGUARDED_AVAILABILITY = YES_AGGRESSIVE;
				CLANG_WARN_UNREACHABLE_CODE = YES;
				CLANG_WARN__DUPLICATE_METHOD_MATCH = YES;
				CODE_SIGN_IDENTITY = "iPhone Developer";
				COPY_PHASE_STRIP = NO;
				DEBUG_INFORMATION_FORMAT = "dwarf-with-dsym";
				ENABLE_NS_ASSERTIONS = NO;
				ENABLE_STRICT_OBJC_MSGSEND = YES;
				GCC_C_LANGUAGE_STANDARD = gnu11;
				GCC_NO_COMMON_BLOCKS = YES;
				GCC_WARN_64_TO_32_BIT_CONVERSION = YES;
				GCC_WARN_ABOUT_RETURN_TYPE = YES_ERROR;
				GCC_WARN_UNDECLARED_SELECTOR = YES;
				GCC_WARN_UNINITIALIZED_AUTOS = YES_AGGRESSIVE;
				GCC_WARN_UNUSED_FUNCTION = YES;
				GCC_WARN_UNUSED_VARIABLE = YES;
				IPHONEOS_DEPLOYMENT_TARGET = 11.1;
				MTL_ENABLE_DEBUG_INFO = NO;
				SDKROOT = iphoneos;
				VALIDATE_PRODUCT = YES;
			};
			name = Release;
		};
		17454530206375F700FB4585 /* Debug */ = {
			isa = XCBuildConfiguration;
			buildSettings = {
				ASSETCATALOG_COMPILER_APPICON_NAME = AppIcon;
				CODE_SIGN_STYLE = Automatic;
				DEVELOPMENT_TEAM = 7FYG9D6WTR;
				INFOPLIST_FILE = Setting/Info.plist;
				IPHONEOS_DEPLOYMENT_TARGET = 10.0;
				LD_RUNPATH_SEARCH_PATHS = "$(inherited) @executable_path/Frameworks";
				PRODUCT_BUNDLE_IDENTIFIER = com.xinyongbang.Setting;
				PRODUCT_NAME = "$(TARGET_NAME)";
				TARGETED_DEVICE_FAMILY = "1,2";
			};
			name = Debug;
		};
		17454531206375F700FB4585 /* Release */ = {
			isa = XCBuildConfiguration;
			buildSettings = {
				ASSETCATALOG_COMPILER_APPICON_NAME = AppIcon;
				CODE_SIGN_STYLE = Automatic;
				DEVELOPMENT_TEAM = 7FYG9D6WTR;
				INFOPLIST_FILE = Setting/Info.plist;
				IPHONEOS_DEPLOYMENT_TARGET = 10.0;
				LD_RUNPATH_SEARCH_PATHS = "$(inherited) @executable_path/Frameworks";
				PRODUCT_BUNDLE_IDENTIFIER = com.xinyongbang.Setting;
				PRODUCT_NAME = "$(TARGET_NAME)";
				TARGETED_DEVICE_FAMILY = "1,2";
			};
			name = Release;
		};
		17454533206375F700FB4585 /* Debug */ = {
			isa = XCBuildConfiguration;
			buildSettings = {
				BUNDLE_LOADER = "$(TEST_HOST)";
				CODE_SIGN_STYLE = Automatic;
				DEVELOPMENT_TEAM = 7FYG9D6WTR;
				INFOPLIST_FILE = SettingTests/Info.plist;
				LD_RUNPATH_SEARCH_PATHS = "$(inherited) @executable_path/Frameworks @loader_path/Frameworks";
				PRODUCT_BUNDLE_IDENTIFIER = com.xinyongbang.SettingTests;
				PRODUCT_NAME = "$(TARGET_NAME)";
				TARGETED_DEVICE_FAMILY = "1,2";
				TEST_HOST = "$(BUILT_PRODUCTS_DIR)/Setting.app/Setting";
			};
			name = Debug;
		};
		17454534206375F700FB4585 /* Release */ = {
			isa = XCBuildConfiguration;
			buildSettings = {
				BUNDLE_LOADER = "$(TEST_HOST)";
				CODE_SIGN_STYLE = Automatic;
				DEVELOPMENT_TEAM = 7FYG9D6WTR;
				INFOPLIST_FILE = SettingTests/Info.plist;
				LD_RUNPATH_SEARCH_PATHS = "$(inherited) @executable_path/Frameworks @loader_path/Frameworks";
				PRODUCT_BUNDLE_IDENTIFIER = com.xinyongbang.SettingTests;
				PRODUCT_NAME = "$(TARGET_NAME)";
				TARGETED_DEVICE_FAMILY = "1,2";
				TEST_HOST = "$(BUILT_PRODUCTS_DIR)/Setting.app/Setting";
			};
			name = Release;
		};
		17454536206375F700FB4585 /* Debug */ = {
			isa = XCBuildConfiguration;
			buildSettings = {
				CODE_SIGN_STYLE = Automatic;
				DEVELOPMENT_TEAM = 7FYG9D6WTR;
				INFOPLIST_FILE = SettingUITests/Info.plist;
				LD_RUNPATH_SEARCH_PATHS = "$(inherited) @executable_path/Frameworks @loader_path/Frameworks";
				PRODUCT_BUNDLE_IDENTIFIER = com.xinyongbang.SettingUITests;
				PRODUCT_NAME = "$(TARGET_NAME)";
				TARGETED_DEVICE_FAMILY = "1,2";
				TEST_TARGET_NAME = Setting;
			};
			name = Debug;
		};
		17454537206375F700FB4585 /* Release */ = {
			isa = XCBuildConfiguration;
			buildSettings = {
				CODE_SIGN_STYLE = Automatic;
				DEVELOPMENT_TEAM = 7FYG9D6WTR;
				INFOPLIST_FILE = SettingUITests/Info.plist;
				LD_RUNPATH_SEARCH_PATHS = "$(inherited) @executable_path/Frameworks @loader_path/Frameworks";
				PRODUCT_BUNDLE_IDENTIFIER = com.xinyongbang.SettingUITests;
				PRODUCT_NAME = "$(TARGET_NAME)";
				TARGETED_DEVICE_FAMILY = "1,2";
				TEST_TARGET_NAME = Setting;
			};
			name = Release;
		};
/* End XCBuildConfiguration section */

/* Begin XCConfigurationList section */
		174544FE206375F700FB4585 /* Build configuration list for PBXProject "Setting" */ = {
			isa = XCConfigurationList;
			buildConfigurations = (
				1745452D206375F700FB4585 /* Debug */,
				1745452E206375F700FB4585 /* Release */,
			);
			defaultConfigurationIsVisible = 0;
			defaultConfigurationName = Release;
		};
		1745452F206375F700FB4585 /* Build configuration list for PBXNativeTarget "Setting" */ = {
			isa = XCConfigurationList;
			buildConfigurations = (
				17454530206375F700FB4585 /* Debug */,
				17454531206375F700FB4585 /* Release */,
			);
			defaultConfigurationIsVisible = 0;
			defaultConfigurationName = Release;
		};
		17454532206375F700FB4585 /* Build configuration list for PBXNativeTarget "SettingTests" */ = {
			isa = XCConfigurationList;
			buildConfigurations = (
				17454533206375F700FB4585 /* Debug */,
				17454534206375F700FB4585 /* Release */,
			);
			defaultConfigurationIsVisible = 0;
			defaultConfigurationName = Release;
		};
		17454535206375F700FB4585 /* Build configuration list for PBXNativeTarget "SettingUITests" */ = {
			isa = XCConfigurationList;
			buildConfigurations = (
				17454536206375F700FB4585 /* Debug */,
				17454537206375F700FB4585 /* Release */,
			);
			defaultConfigurationIsVisible = 0;
			defaultConfigurationName = Release;
		};
/* End XCConfigurationList section */
	};
	rootObject = 174544FB206375F700FB4585 /* Project object */;
}
